PODS:
  - Alamofire (5.0.0.beta.1)
  - Locksmith (4.0.0)
  - RxCocoa (4.5.0):
    - RxSwift (>= 4.4.2, ~> 4.4)
  - RxSwift (4.5.0)
  - Socket.IO-Client-Swift (15.1.0):
    - Starscream (~> 3.1)
  - Starscream (3.1.0)

DEPENDENCIES:
  - Alamofire (from `https://github.com/Alamofire/Alamofire.git`, branch `alamofire5`)
  - Locksmith
  - RxCocoa (~> 4.0)
  - RxSwift (~> 4.0)
  - Socket.IO-Client-Swift

SPEC REPOS:
  https://github.com/cocoapods/specs.git:
    - Locksmith
    - RxCocoa
    - RxSwift
    - Socket.IO-Client-Swift
    - Starscream

EXTERNAL SOURCES:
  Alamofire:
    :branch: alamofire5
    :git: https://github.com/Alamofire/Alamofire.git

CHECKOUT OPTIONS:
  Alamofire:
    :commit: 2c99a6691dac40f03ef9f9e89aaf2eb751843393
    :git: https://github.com/Alamofire/Alamofire.git

SPEC CHECKSUMS:
  Alamofire: 2ef6d6c984c5d21c366e9b41a9ae7dfee2b67a44
  Locksmith: e9bebbaaa4cee3c511bc358a44f843c3fe00e21f
  RxCocoa: cbf70265dc65a981d4ac982e513c10cf23df24a0
  RxSwift: f172070dfd1a93d70a9ab97a5a01166206e1c575
  Socket.IO-Client-Swift: 7cb44c0ffb86e158cee32d0642d30ec5fdcf8f61
  Starscream: 08172b481e145289c4930cb567230fb55897cfa4

PODFILE CHECKSUM: f8cf3b63971bfabebdf91918ea910ab26e4e30dd

COCOAPODS: 1.6.1
