PODS:
  - Alamofire (5.0.0.beta.1)
  - Locksmith (4.0.0)
  - RxSwift (4.5.0)
  - Socket.IO-Client-Swift (15.2.0):
    - Starscream (~> 3.1)
  - Starscream (3.1.1)
  - SWXMLHash (5.0.1)

DEPENDENCIES:
  - Alamofire (= 5.0.0.beta.1)
  - Locksmith
  - RxSwift (~> 4.0)
  - Socket.IO-Client-Swift
  - SWXMLHash (~> 5.0.0)

SPEC REPOS:
  trunk:
    - Alamofire
    - Locksmith
    - RxSwift
    - Socket.IO-Client-Swift
    - Starscream
    - SWXMLHash

SPEC CHECKSUMS:
  Alamofire: 2ef6d6c984c5d21c366e9b41a9ae7dfee2b67a44
  Locksmith: e9bebbaaa4cee3c511bc358a44f843c3fe00e21f
  RxSwift: f172070dfd1a93d70a9ab97a5a01166206e1c575
  Socket.IO-Client-Swift: 1e3e3a1f09f3312a167f0d781eb2f383d477357c
  Starscream: 4bb2f9942274833f7b4d296a55504dcfc7edb7b0
  SWXMLHash: 9cc0c2e4807926c74377724aa8722ee5707a0485

PODFILE CHECKSUM: 5f759a2ca14a8c8e7a9d195cbf362f42a768e781

COCOAPODS: 1.9.3
