// !$*UTF8*$!
{
	archiveVersion = 1;
	classes = {
	};
	objectVersion = 50;
	objects = {

/* Begin PBXBuildFile section */
		1675D759E43009272D5A111A /* Pods_StexSDK.framework in Frameworks */ = {isa = PBXBuildFile; fileRef = 9E9296B76E65D1F81DF03297 /* Pods_StexSDK.framework */; };
		D444C107D10F526E5C3B46EE /* Pods_StexSDKTests.framework in Frameworks */ = {isa = PBXBuildFile; fileRef = 0E1B1D30B1C1603267B0CD0B /* Pods_StexSDKTests.framework */; };
		FA077D3922DDFC1E00CE9B8E /* TradesReqest.swift in Sources */ = {isa = PBXBuildFile; fileRef = FA077D3822DDFC1E00CE9B8E /* TradesReqest.swift */; };
		FA8044B822D5EAB300B77EC5 /* CurrencyPairRequest.swift in Sources */ = {isa = PBXBuildFile; fileRef = FA8044B722D5EAB300B77EC5 /* CurrencyPairRequest.swift */; };
		FA8044B922D5ED1D00B77EC5 /* CurrencyPairRequest.swift in Sources */ = {isa = PBXBuildFile; fileRef = FA8044B722D5EAB300B77EC5 /* CurrencyPairRequest.swift */; };
		FAB1838E22CF3EA600D9C98E /* StexSDK.framework in Frameworks */ = {isa = PBXBuildFile; fileRef = FAB1838422CF3EA600D9C98E /* StexSDK.framework */; };
		FAB1839522CF3EA600D9C98E /* StexSDK.h in Headers */ = {isa = PBXBuildFile; fileRef = FAB1838722CF3EA600D9C98E /* StexSDK.h */; settings = {ATTRIBUTES = (Public, ); }; };
		FAB183A022CF3FCD00D9C98E /* KeyedDecodingContainer+Extension.swift in Sources */ = {isa = PBXBuildFile; fileRef = FAB1839F22CF3FCD00D9C98E /* KeyedDecodingContainer+Extension.swift */; };
		FAB183A122CF3FCE00D9C98E /* KeyedDecodingContainer+Extension.swift in Sources */ = {isa = PBXBuildFile; fileRef = FAB1839F22CF3FCD00D9C98E /* KeyedDecodingContainer+Extension.swift */; };
		FAB183AE22CF3FDC00D9C98E /* APIClient.swift in Sources */ = {isa = PBXBuildFile; fileRef = FAB183A422CF3FDC00D9C98E /* APIClient.swift */; };
		FAB183AF22CF3FDC00D9C98E /* APIClient.swift in Sources */ = {isa = PBXBuildFile; fileRef = FAB183A422CF3FDC00D9C98E /* APIClient.swift */; };
		FAB183B022CF3FDC00D9C98E /* StexClient.swift in Sources */ = {isa = PBXBuildFile; fileRef = FAB183A522CF3FDC00D9C98E /* StexClient.swift */; };
		FAB183B122CF3FDC00D9C98E /* StexClient.swift in Sources */ = {isa = PBXBuildFile; fileRef = FAB183A522CF3FDC00D9C98E /* StexClient.swift */; };
		FAB183B222CF3FDC00D9C98E /* RxStexClient.swift in Sources */ = {isa = PBXBuildFile; fileRef = FAB183A622CF3FDC00D9C98E /* RxStexClient.swift */; };
		FAB183B322CF3FDC00D9C98E /* RxStexClient.swift in Sources */ = {isa = PBXBuildFile; fileRef = FAB183A622CF3FDC00D9C98E /* RxStexClient.swift */; };
		FAB183B422CF3FDC00D9C98E /* ServerConstants.swift in Sources */ = {isa = PBXBuildFile; fileRef = FAB183A722CF3FDC00D9C98E /* ServerConstants.swift */; };
		FAB183B522CF3FDC00D9C98E /* ServerConstants.swift in Sources */ = {isa = PBXBuildFile; fileRef = FAB183A722CF3FDC00D9C98E /* ServerConstants.swift */; };
		FAB183B622CF3FDC00D9C98E /* StexResponse.swift in Sources */ = {isa = PBXBuildFile; fileRef = FAB183A822CF3FDC00D9C98E /* StexResponse.swift */; };
		FAB183B722CF3FDC00D9C98E /* StexResponse.swift in Sources */ = {isa = PBXBuildFile; fileRef = FAB183A822CF3FDC00D9C98E /* StexResponse.swift */; };
		FAB183B822CF3FDC00D9C98E /* CurrenciesRequest.swift in Sources */ = {isa = PBXBuildFile; fileRef = FAB183AB22CF3FDC00D9C98E /* CurrenciesRequest.swift */; };
		FAB183B922CF3FDC00D9C98E /* CurrenciesRequest.swift in Sources */ = {isa = PBXBuildFile; fileRef = FAB183AB22CF3FDC00D9C98E /* CurrenciesRequest.swift */; };
		FAB183BA22CF3FDC00D9C98E /* TickerRequest.swift in Sources */ = {isa = PBXBuildFile; fileRef = FAB183AC22CF3FDC00D9C98E /* TickerRequest.swift */; };
		FAB183BB22CF3FDC00D9C98E /* TickerRequest.swift in Sources */ = {isa = PBXBuildFile; fileRef = FAB183AC22CF3FDC00D9C98E /* TickerRequest.swift */; };
		FAB183BC22CF3FDC00D9C98E /* IRequest.swift in Sources */ = {isa = PBXBuildFile; fileRef = FAB183AD22CF3FDC00D9C98E /* IRequest.swift */; };
		FAB183BD22CF3FDC00D9C98E /* IRequest.swift in Sources */ = {isa = PBXBuildFile; fileRef = FAB183AD22CF3FDC00D9C98E /* IRequest.swift */; };
		FAB183C122CF3FEA00D9C98E /* Currency.swift in Sources */ = {isa = PBXBuildFile; fileRef = FAB183BF22CF3FEA00D9C98E /* Currency.swift */; };
		FAB183C222CF3FEA00D9C98E /* Currency.swift in Sources */ = {isa = PBXBuildFile; fileRef = FAB183BF22CF3FEA00D9C98E /* Currency.swift */; };
		FAB183C322CF3FEA00D9C98E /* Ticker.swift in Sources */ = {isa = PBXBuildFile; fileRef = FAB183C022CF3FEA00D9C98E /* Ticker.swift */; };
		FAB183C422CF3FEA00D9C98E /* Ticker.swift in Sources */ = {isa = PBXBuildFile; fileRef = FAB183C022CF3FEA00D9C98E /* Ticker.swift */; };
		FAB183CA22CF400000D9C98E /* StexTickerTest.swift in Sources */ = {isa = PBXBuildFile; fileRef = FAB183C622CF3FFF00D9C98E /* StexTickerTest.swift */; };
		FAB183CC22CF400000D9C98E /* StexClientTest.swift in Sources */ = {isa = PBXBuildFile; fileRef = FAB183C722CF3FFF00D9C98E /* StexClientTest.swift */; };
		FAB183CE22CF400000D9C98E /* StexCurrenciesTest.swift in Sources */ = {isa = PBXBuildFile; fileRef = FAB183C822CF3FFF00D9C98E /* StexCurrenciesTest.swift */; };
		FAB183D022CF6A1C00D9C98E /* MarketsReqest.swift in Sources */ = {isa = PBXBuildFile; fileRef = FAB183CF22CF6A1C00D9C98E /* MarketsReqest.swift */; };
		FAB183D122CF6A1C00D9C98E /* MarketsReqest.swift in Sources */ = {isa = PBXBuildFile; fileRef = FAB183CF22CF6A1C00D9C98E /* MarketsReqest.swift */; };
		FAB183D322CF6AA000D9C98E /* Market.swift in Sources */ = {isa = PBXBuildFile; fileRef = FAB183D222CF6AA000D9C98E /* Market.swift */; };
		FAB183D422CF6AA000D9C98E /* Market.swift in Sources */ = {isa = PBXBuildFile; fileRef = FAB183D222CF6AA000D9C98E /* Market.swift */; };
		FAB183D722CF6BC900D9C98E /* StexMarketTest.swift in Sources */ = {isa = PBXBuildFile; fileRef = FAB183D522CF6BC900D9C98E /* StexMarketTest.swift */; };
		FAB183D922CF6D6A00D9C98E /* PairsGroupsReqest.swift in Sources */ = {isa = PBXBuildFile; fileRef = FAB183D822CF6D6A00D9C98E /* PairsGroupsReqest.swift */; };
		FAB183DA22CF6D6A00D9C98E /* PairsGroupsReqest.swift in Sources */ = {isa = PBXBuildFile; fileRef = FAB183D822CF6D6A00D9C98E /* PairsGroupsReqest.swift */; };
		FAB183DC22CF6E6600D9C98E /* PairGroup.swift in Sources */ = {isa = PBXBuildFile; fileRef = FAB183DB22CF6E6600D9C98E /* PairGroup.swift */; };
		FAB183DD22CF6E6600D9C98E /* PairGroup.swift in Sources */ = {isa = PBXBuildFile; fileRef = FAB183DB22CF6E6600D9C98E /* PairGroup.swift */; };
		FAB183DF22CF6FF300D9C98E /* StexPairsGroupsTest.swift in Sources */ = {isa = PBXBuildFile; fileRef = FAB183DE22CF6FF300D9C98E /* StexPairsGroupsTest.swift */; };
		FAB183E122CF819C00D9C98E /* CurrencyPair.swift in Sources */ = {isa = PBXBuildFile; fileRef = FAB183E022CF819C00D9C98E /* CurrencyPair.swift */; };
		FAB183E422CF893600D9C98E /* CurrencyPairsListReqest.swift in Sources */ = {isa = PBXBuildFile; fileRef = FAB183E322CF893600D9C98E /* CurrencyPairsListReqest.swift */; };
		FAB183E622CF8E6F00D9C98E /* StexCurrencyPairsTest.swift in Sources */ = {isa = PBXBuildFile; fileRef = FAB183E522CF8E6F00D9C98E /* StexCurrencyPairsTest.swift */; };
		FAB183E722CF8F0000D9C98E /* CurrencyPair.swift in Sources */ = {isa = PBXBuildFile; fileRef = FAB183E022CF819C00D9C98E /* CurrencyPair.swift */; };
		FAB183E822CF8F0500D9C98E /* CurrencyPairsListReqest.swift in Sources */ = {isa = PBXBuildFile; fileRef = FAB183E322CF893600D9C98E /* CurrencyPairsListReqest.swift */; };
		FACA3B6822F9C30400E9970B /* Trade.swift in Sources */ = {isa = PBXBuildFile; fileRef = FACA3B6722F9C30400E9970B /* Trade.swift */; };
		FACA3B6A22F9C5AF00E9970B /* StexTradesTest.swift in Sources */ = {isa = PBXBuildFile; fileRef = FACA3B6922F9C5AF00E9970B /* StexTradesTest.swift */; };
		FACA3B6B22F9C72700E9970B /* TradesReqest.swift in Sources */ = {isa = PBXBuildFile; fileRef = FA077D3822DDFC1E00CE9B8E /* TradesReqest.swift */; };
		FACA3B6C22F9C72900E9970B /* Trade.swift in Sources */ = {isa = PBXBuildFile; fileRef = FACA3B6722F9C30400E9970B /* Trade.swift */; };
		FAE59E4D22D5E82C00A55E19 /* CurrencyPairsGroupRequest.swift in Sources */ = {isa = PBXBuildFile; fileRef = FAE59E4C22D5E82C00A55E19 /* CurrencyPairsGroupRequest.swift */; };
		FAE59E4E22D5E82C00A55E19 /* CurrencyPairsGroupRequest.swift in Sources */ = {isa = PBXBuildFile; fileRef = FAE59E4C22D5E82C00A55E19 /* CurrencyPairsGroupRequest.swift */; };
/* End PBXBuildFile section */

/* Begin PBXContainerItemProxy section */
		FAB1838F22CF3EA600D9C98E /* PBXContainerItemProxy */ = {
			isa = PBXContainerItemProxy;
			containerPortal = FAB1837B22CF3EA600D9C98E /* Project object */;
			proxyType = 1;
			remoteGlobalIDString = FAB1838322CF3EA600D9C98E;
			remoteInfo = StexSDK;
		};
/* End PBXContainerItemProxy section */

/* Begin PBXFileReference section */
		0923D86974A1BE99D3430206 /* Pods-StexSDK.release.xcconfig */ = {isa = PBXFileReference; includeInIndex = 1; lastKnownFileType = text.xcconfig; name = "Pods-StexSDK.release.xcconfig"; path = "Target Support Files/Pods-StexSDK/Pods-StexSDK.release.xcconfig"; sourceTree = "<group>"; };
		0E1B1D30B1C1603267B0CD0B /* Pods_StexSDKTests.framework */ = {isa = PBXFileReference; explicitFileType = wrapper.framework; includeInIndex = 0; path = Pods_StexSDKTests.framework; sourceTree = BUILT_PRODUCTS_DIR; };
		7A1005AC24060E1268391EF6 /* Pods-StexSDKTests.release.xcconfig */ = {isa = PBXFileReference; includeInIndex = 1; lastKnownFileType = text.xcconfig; name = "Pods-StexSDKTests.release.xcconfig"; path = "Target Support Files/Pods-StexSDKTests/Pods-StexSDKTests.release.xcconfig"; sourceTree = "<group>"; };
		9E9296B76E65D1F81DF03297 /* Pods_StexSDK.framework */ = {isa = PBXFileReference; explicitFileType = wrapper.framework; includeInIndex = 0; path = Pods_StexSDK.framework; sourceTree = BUILT_PRODUCTS_DIR; };
		DCC05569C9E759B346DEEE84 /* Pods-StexSDKTests.debug.xcconfig */ = {isa = PBXFileReference; includeInIndex = 1; lastKnownFileType = text.xcconfig; name = "Pods-StexSDKTests.debug.xcconfig"; path = "Target Support Files/Pods-StexSDKTests/Pods-StexSDKTests.debug.xcconfig"; sourceTree = "<group>"; };
		E8ACF3AB611B0EEF83C6CBD7 /* Pods-StexSDK.debug.xcconfig */ = {isa = PBXFileReference; includeInIndex = 1; lastKnownFileType = text.xcconfig; name = "Pods-StexSDK.debug.xcconfig"; path = "Target Support Files/Pods-StexSDK/Pods-StexSDK.debug.xcconfig"; sourceTree = "<group>"; };
		FA077D3822DDFC1E00CE9B8E /* TradesReqest.swift */ = {isa = PBXFileReference; lastKnownFileType = sourcecode.swift; path = TradesReqest.swift; sourceTree = "<group>"; };
		FA8044B722D5EAB300B77EC5 /* CurrencyPairRequest.swift */ = {isa = PBXFileReference; lastKnownFileType = sourcecode.swift; path = CurrencyPairRequest.swift; sourceTree = "<group>"; };
		FAB1838422CF3EA600D9C98E /* StexSDK.framework */ = {isa = PBXFileReference; explicitFileType = wrapper.framework; includeInIndex = 0; path = StexSDK.framework; sourceTree = BUILT_PRODUCTS_DIR; };
		FAB1838722CF3EA600D9C98E /* StexSDK.h */ = {isa = PBXFileReference; lastKnownFileType = sourcecode.c.h; path = StexSDK.h; sourceTree = "<group>"; };
		FAB1838822CF3EA600D9C98E /* Info.plist */ = {isa = PBXFileReference; lastKnownFileType = text.plist.xml; path = Info.plist; sourceTree = "<group>"; };
		FAB1838D22CF3EA600D9C98E /* StexSDKTests.xctest */ = {isa = PBXFileReference; explicitFileType = wrapper.cfbundle; includeInIndex = 0; path = StexSDKTests.xctest; sourceTree = BUILT_PRODUCTS_DIR; };
		FAB1839422CF3EA600D9C98E /* Info.plist */ = {isa = PBXFileReference; lastKnownFileType = text.plist.xml; path = Info.plist; sourceTree = "<group>"; };
		FAB1839F22CF3FCD00D9C98E /* KeyedDecodingContainer+Extension.swift */ = {isa = PBXFileReference; fileEncoding = 4; lastKnownFileType = sourcecode.swift; path = "KeyedDecodingContainer+Extension.swift"; sourceTree = "<group>"; };
		FAB183A422CF3FDC00D9C98E /* APIClient.swift */ = {isa = PBXFileReference; fileEncoding = 4; lastKnownFileType = sourcecode.swift; path = APIClient.swift; sourceTree = "<group>"; };
		FAB183A522CF3FDC00D9C98E /* StexClient.swift */ = {isa = PBXFileReference; fileEncoding = 4; lastKnownFileType = sourcecode.swift; path = StexClient.swift; sourceTree = "<group>"; };
		FAB183A622CF3FDC00D9C98E /* RxStexClient.swift */ = {isa = PBXFileReference; fileEncoding = 4; lastKnownFileType = sourcecode.swift; path = RxStexClient.swift; sourceTree = "<group>"; };
		FAB183A722CF3FDC00D9C98E /* ServerConstants.swift */ = {isa = PBXFileReference; fileEncoding = 4; lastKnownFileType = sourcecode.swift; path = ServerConstants.swift; sourceTree = "<group>"; };
		FAB183A822CF3FDC00D9C98E /* StexResponse.swift */ = {isa = PBXFileReference; fileEncoding = 4; lastKnownFileType = sourcecode.swift; path = StexResponse.swift; sourceTree = "<group>"; };
		FAB183AB22CF3FDC00D9C98E /* CurrenciesRequest.swift */ = {isa = PBXFileReference; fileEncoding = 4; lastKnownFileType = sourcecode.swift; path = CurrenciesRequest.swift; sourceTree = "<group>"; };
		FAB183AC22CF3FDC00D9C98E /* TickerRequest.swift */ = {isa = PBXFileReference; fileEncoding = 4; lastKnownFileType = sourcecode.swift; path = TickerRequest.swift; sourceTree = "<group>"; };
		FAB183AD22CF3FDC00D9C98E /* IRequest.swift */ = {isa = PBXFileReference; fileEncoding = 4; lastKnownFileType = sourcecode.swift; path = IRequest.swift; sourceTree = "<group>"; };
		FAB183BF22CF3FEA00D9C98E /* Currency.swift */ = {isa = PBXFileReference; fileEncoding = 4; lastKnownFileType = sourcecode.swift; path = Currency.swift; sourceTree = "<group>"; };
		FAB183C022CF3FEA00D9C98E /* Ticker.swift */ = {isa = PBXFileReference; fileEncoding = 4; lastKnownFileType = sourcecode.swift; path = Ticker.swift; sourceTree = "<group>"; };
		FAB183C622CF3FFF00D9C98E /* StexTickerTest.swift */ = {isa = PBXFileReference; fileEncoding = 4; lastKnownFileType = sourcecode.swift; path = StexTickerTest.swift; sourceTree = "<group>"; };
		FAB183C722CF3FFF00D9C98E /* StexClientTest.swift */ = {isa = PBXFileReference; fileEncoding = 4; lastKnownFileType = sourcecode.swift; path = StexClientTest.swift; sourceTree = "<group>"; };
		FAB183C822CF3FFF00D9C98E /* StexCurrenciesTest.swift */ = {isa = PBXFileReference; fileEncoding = 4; lastKnownFileType = sourcecode.swift; path = StexCurrenciesTest.swift; sourceTree = "<group>"; };
		FAB183CF22CF6A1C00D9C98E /* MarketsReqest.swift */ = {isa = PBXFileReference; lastKnownFileType = sourcecode.swift; path = MarketsReqest.swift; sourceTree = "<group>"; };
		FAB183D222CF6AA000D9C98E /* Market.swift */ = {isa = PBXFileReference; lastKnownFileType = sourcecode.swift; path = Market.swift; sourceTree = "<group>"; };
		FAB183D522CF6BC900D9C98E /* StexMarketTest.swift */ = {isa = PBXFileReference; lastKnownFileType = sourcecode.swift; path = StexMarketTest.swift; sourceTree = "<group>"; };
		FAB183D822CF6D6A00D9C98E /* PairsGroupsReqest.swift */ = {isa = PBXFileReference; lastKnownFileType = sourcecode.swift; path = PairsGroupsReqest.swift; sourceTree = "<group>"; };
		FAB183DB22CF6E6600D9C98E /* PairGroup.swift */ = {isa = PBXFileReference; lastKnownFileType = sourcecode.swift; path = PairGroup.swift; sourceTree = "<group>"; };
		FAB183DE22CF6FF300D9C98E /* StexPairsGroupsTest.swift */ = {isa = PBXFileReference; lastKnownFileType = sourcecode.swift; path = StexPairsGroupsTest.swift; sourceTree = "<group>"; };
		FAB183E022CF819C00D9C98E /* CurrencyPair.swift */ = {isa = PBXFileReference; lastKnownFileType = sourcecode.swift; path = CurrencyPair.swift; sourceTree = "<group>"; };
		FAB183E322CF893600D9C98E /* CurrencyPairsListReqest.swift */ = {isa = PBXFileReference; lastKnownFileType = sourcecode.swift; path = CurrencyPairsListReqest.swift; sourceTree = "<group>"; };
		FAB183E522CF8E6F00D9C98E /* StexCurrencyPairsTest.swift */ = {isa = PBXFileReference; lastKnownFileType = sourcecode.swift; path = StexCurrencyPairsTest.swift; sourceTree = "<group>"; };
		FACA3B6722F9C30400E9970B /* Trade.swift */ = {isa = PBXFileReference; lastKnownFileType = sourcecode.swift; path = Trade.swift; sourceTree = "<group>"; };
		FACA3B6922F9C5AF00E9970B /* StexTradesTest.swift */ = {isa = PBXFileReference; lastKnownFileType = sourcecode.swift; path = StexTradesTest.swift; sourceTree = "<group>"; };
		FAE59E4C22D5E82C00A55E19 /* CurrencyPairsGroupRequest.swift */ = {isa = PBXFileReference; lastKnownFileType = sourcecode.swift; path = CurrencyPairsGroupRequest.swift; sourceTree = "<group>"; };
/* End PBXFileReference section */

/* Begin PBXFrameworksBuildPhase section */
		FAB1838122CF3EA600D9C98E /* Frameworks */ = {
			isa = PBXFrameworksBuildPhase;
			buildActionMask = 2147483647;
			files = (
				1675D759E43009272D5A111A /* Pods_StexSDK.framework in Frameworks */,
			);
			runOnlyForDeploymentPostprocessing = 0;
		};
		FAB1838A22CF3EA600D9C98E /* Frameworks */ = {
			isa = PBXFrameworksBuildPhase;
			buildActionMask = 2147483647;
			files = (
				FAB1838E22CF3EA600D9C98E /* StexSDK.framework in Frameworks */,
				D444C107D10F526E5C3B46EE /* Pods_StexSDKTests.framework in Frameworks */,
			);
			runOnlyForDeploymentPostprocessing = 0;
		};
/* End PBXFrameworksBuildPhase section */

/* Begin PBXGroup section */
		B3A6EBB70AC13D33130E3D74 /* Frameworks */ = {
			isa = PBXGroup;
			children = (
				9E9296B76E65D1F81DF03297 /* Pods_StexSDK.framework */,
				0E1B1D30B1C1603267B0CD0B /* Pods_StexSDKTests.framework */,
			);
			name = Frameworks;
			sourceTree = "<group>";
		};
		F5D4DED61B8CE86EDF6BF464 /* Pods */ = {
			isa = PBXGroup;
			children = (
				E8ACF3AB611B0EEF83C6CBD7 /* Pods-StexSDK.debug.xcconfig */,
				0923D86974A1BE99D3430206 /* Pods-StexSDK.release.xcconfig */,
				DCC05569C9E759B346DEEE84 /* Pods-StexSDKTests.debug.xcconfig */,
				7A1005AC24060E1268391EF6 /* Pods-StexSDKTests.release.xcconfig */,
			);
			path = Pods;
			sourceTree = "<group>";
		};
		FAB1837A22CF3EA600D9C98E = {
			isa = PBXGroup;
			children = (
				FAB1838622CF3EA600D9C98E /* StexSDK */,
				FAB1839122CF3EA600D9C98E /* StexSDKTests */,
				FAB1838522CF3EA600D9C98E /* Products */,
				F5D4DED61B8CE86EDF6BF464 /* Pods */,
				B3A6EBB70AC13D33130E3D74 /* Frameworks */,
			);
			sourceTree = "<group>";
		};
		FAB1838522CF3EA600D9C98E /* Products */ = {
			isa = PBXGroup;
			children = (
				FAB1838422CF3EA600D9C98E /* StexSDK.framework */,
				FAB1838D22CF3EA600D9C98E /* StexSDKTests.xctest */,
			);
			name = Products;
			sourceTree = "<group>";
		};
		FAB1838622CF3EA600D9C98E /* StexSDK */ = {
			isa = PBXGroup;
			children = (
				FAB1839E22CF3FCD00D9C98E /* Extension */,
				FAB183A222CF3FDC00D9C98E /* Comunication */,
				FAB183BE22CF3FEA00D9C98E /* Models */,
				FAB1838722CF3EA600D9C98E /* StexSDK.h */,
				FAB1838822CF3EA600D9C98E /* Info.plist */,
			);
			path = StexSDK;
			sourceTree = "<group>";
		};
		FAB1839122CF3EA600D9C98E /* StexSDKTests */ = {
			isa = PBXGroup;
			children = (
				FAB183C522CF3FFF00D9C98E /* StexClientTest */,
				FAB1839422CF3EA600D9C98E /* Info.plist */,
			);
			path = StexSDKTests;
			sourceTree = "<group>";
		};
		FAB1839E22CF3FCD00D9C98E /* Extension */ = {
			isa = PBXGroup;
			children = (
				FAB1839F22CF3FCD00D9C98E /* KeyedDecodingContainer+Extension.swift */,
			);
			path = Extension;
			sourceTree = "<group>";
		};
		FAB183A222CF3FDC00D9C98E /* Comunication */ = {
			isa = PBXGroup;
			children = (
				FAB183A922CF3FDC00D9C98E /* Request */,
				FAB183A322CF3FDC00D9C98E /* Clients */,
				FAB183A722CF3FDC00D9C98E /* ServerConstants.swift */,
				FAB183A822CF3FDC00D9C98E /* StexResponse.swift */,
			);
			path = Comunication;
			sourceTree = "<group>";
		};
		FAB183A322CF3FDC00D9C98E /* Clients */ = {
			isa = PBXGroup;
			children = (
				FAB183A422CF3FDC00D9C98E /* APIClient.swift */,
				FAB183A522CF3FDC00D9C98E /* StexClient.swift */,
				FAB183A622CF3FDC00D9C98E /* RxStexClient.swift */,
			);
			path = Clients;
			sourceTree = "<group>";
		};
		FAB183A922CF3FDC00D9C98E /* Request */ = {
			isa = PBXGroup;
			children = (
				FAB183AD22CF3FDC00D9C98E /* IRequest.swift */,
				FAB183AA22CF3FDC00D9C98E /* Public */,
			);
			path = Request;
			sourceTree = "<group>";
		};
		FAB183AA22CF3FDC00D9C98E /* Public */ = {
			isa = PBXGroup;
			children = (
				FAB183AB22CF3FDC00D9C98E /* CurrenciesRequest.swift */,
				FAB183AC22CF3FDC00D9C98E /* TickerRequest.swift */,
				FAB183CF22CF6A1C00D9C98E /* MarketsReqest.swift */,
				FAB183D822CF6D6A00D9C98E /* PairsGroupsReqest.swift */,
				FAB183E222CF88EF00D9C98E /* CurrencyPairs */,
				FA077D3822DDFC1E00CE9B8E /* TradesReqest.swift */,
			);
			path = Public;
			sourceTree = "<group>";
		};
		FAB183BE22CF3FEA00D9C98E /* Models */ = {
			isa = PBXGroup;
			children = (
				FAB183C022CF3FEA00D9C98E /* Ticker.swift */,
				FAB183BF22CF3FEA00D9C98E /* Currency.swift */,
				FAB183D222CF6AA000D9C98E /* Market.swift */,
				FAB183DB22CF6E6600D9C98E /* PairGroup.swift */,
				FAB183E022CF819C00D9C98E /* CurrencyPair.swift */,
				FACA3B6722F9C30400E9970B /* Trade.swift */,
			);
			path = Models;
			sourceTree = "<group>";
		};
		FAB183C522CF3FFF00D9C98E /* StexClientTest */ = {
			isa = PBXGroup;
			children = (
				FAB183C722CF3FFF00D9C98E /* StexClientTest.swift */,
				FAB183C622CF3FFF00D9C98E /* StexTickerTest.swift */,
				FAB183C822CF3FFF00D9C98E /* StexCurrenciesTest.swift */,
				FAB183D522CF6BC900D9C98E /* StexMarketTest.swift */,
				FAB183DE22CF6FF300D9C98E /* StexPairsGroupsTest.swift */,
				FAB183E522CF8E6F00D9C98E /* StexCurrencyPairsTest.swift */,
				FACA3B6922F9C5AF00E9970B /* StexTradesTest.swift */,
			);
			path = StexClientTest;
			sourceTree = "<group>";
		};
		FAB183E222CF88EF00D9C98E /* CurrencyPairs */ = {
			isa = PBXGroup;
			children = (
				FAB183E322CF893600D9C98E /* CurrencyPairsListReqest.swift */,
				FAE59E4C22D5E82C00A55E19 /* CurrencyPairsGroupRequest.swift */,
				FA8044B722D5EAB300B77EC5 /* CurrencyPairRequest.swift */,
			);
			path = CurrencyPairs;
			sourceTree = "<group>";
		};
/* End PBXGroup section */

/* Begin PBXHeadersBuildPhase section */
		FAB1837F22CF3EA600D9C98E /* Headers */ = {
			isa = PBXHeadersBuildPhase;
			buildActionMask = 2147483647;
			files = (
				FAB1839522CF3EA600D9C98E /* StexSDK.h in Headers */,
			);
			runOnlyForDeploymentPostprocessing = 0;
		};
/* End PBXHeadersBuildPhase section */

/* Begin PBXNativeTarget section */
		FAB1838322CF3EA600D9C98E /* StexSDK */ = {
			isa = PBXNativeTarget;
			buildConfigurationList = FAB1839822CF3EA600D9C98E /* Build configuration list for PBXNativeTarget "StexSDK" */;
			buildPhases = (
				6B8FC615E38920F39C8EF02F /* [CP] Check Pods Manifest.lock */,
				FAB1837F22CF3EA600D9C98E /* Headers */,
				FAB1838022CF3EA600D9C98E /* Sources */,
				FAB1838122CF3EA600D9C98E /* Frameworks */,
				FAB1838222CF3EA600D9C98E /* Resources */,
			);
			buildRules = (
			);
			dependencies = (
			);
			name = StexSDK;
			productName = StexSDK;
			productReference = FAB1838422CF3EA600D9C98E /* StexSDK.framework */;
			productType = "com.apple.product-type.framework";
		};
		FAB1838C22CF3EA600D9C98E /* StexSDKTests */ = {
			isa = PBXNativeTarget;
			buildConfigurationList = FAB1839B22CF3EA600D9C98E /* Build configuration list for PBXNativeTarget "StexSDKTests" */;
			buildPhases = (
				4495BAB84F260A99AA385849 /* [CP] Check Pods Manifest.lock */,
				FAB1838922CF3EA600D9C98E /* Sources */,
				FAB1838A22CF3EA600D9C98E /* Frameworks */,
				FAB1838B22CF3EA600D9C98E /* Resources */,
				3CA3CD9A32A04105CD7A424F /* [CP] Embed Pods Frameworks */,
			);
			buildRules = (
			);
			dependencies = (
				FAB1839022CF3EA600D9C98E /* PBXTargetDependency */,
			);
			name = StexSDKTests;
			productName = StexSDKTests;
			productReference = FAB1838D22CF3EA600D9C98E /* StexSDKTests.xctest */;
			productType = "com.apple.product-type.bundle.unit-test";
		};
/* End PBXNativeTarget section */

/* Begin PBXProject section */
		FAB1837B22CF3EA600D9C98E /* Project object */ = {
			isa = PBXProject;
			attributes = {
				LastSwiftUpdateCheck = 1020;
				LastUpgradeCheck = 1020;
				ORGANIZATIONNAME = beleven;
				TargetAttributes = {
					FAB1838322CF3EA600D9C98E = {
						CreatedOnToolsVersion = 10.2.1;
					};
					FAB1838C22CF3EA600D9C98E = {
						CreatedOnToolsVersion = 10.2.1;
					};
				};
			};
			buildConfigurationList = FAB1837E22CF3EA600D9C98E /* Build configuration list for PBXProject "StexSDK" */;
			compatibilityVersion = "Xcode 9.3";
			developmentRegion = en;
			hasScannedForEncodings = 0;
			knownRegions = (
				en,
			);
			mainGroup = FAB1837A22CF3EA600D9C98E;
			productRefGroup = FAB1838522CF3EA600D9C98E /* Products */;
			projectDirPath = "";
			projectRoot = "";
			targets = (
				FAB1838322CF3EA600D9C98E /* StexSDK */,
				FAB1838C22CF3EA600D9C98E /* StexSDKTests */,
			);
		};
/* End PBXProject section */

/* Begin PBXResourcesBuildPhase section */
		FAB1838222CF3EA600D9C98E /* Resources */ = {
			isa = PBXResourcesBuildPhase;
			buildActionMask = 2147483647;
			files = (
			);
			runOnlyForDeploymentPostprocessing = 0;
		};
		FAB1838B22CF3EA600D9C98E /* Resources */ = {
			isa = PBXResourcesBuildPhase;
			buildActionMask = 2147483647;
			files = (
			);
			runOnlyForDeploymentPostprocessing = 0;
		};
/* End PBXResourcesBuildPhase section */

/* Begin PBXShellScriptBuildPhase section */
		3CA3CD9A32A04105CD7A424F /* [CP] Embed Pods Frameworks */ = {
			isa = PBXShellScriptBuildPhase;
			buildActionMask = 2147483647;
			files = (
			);
			inputFileListPaths = (
			);
			inputPaths = (
				"${PODS_ROOT}/Target Support Files/Pods-StexSDKTests/Pods-StexSDKTests-frameworks.sh",
				"${BUILT_PRODUCTS_DIR}/Alamofire/Alamofire.framework",
				"${BUILT_PRODUCTS_DIR}/RxCocoa/RxCocoa.framework",
				"${BUILT_PRODUCTS_DIR}/RxSwift/RxSwift.framework",
			);
			name = "[CP] Embed Pods Frameworks";
			outputFileListPaths = (
			);
			outputPaths = (
				"${TARGET_BUILD_DIR}/${FRAMEWORKS_FOLDER_PATH}/Alamofire.framework",
				"${TARGET_BUILD_DIR}/${FRAMEWORKS_FOLDER_PATH}/RxCocoa.framework",
				"${TARGET_BUILD_DIR}/${FRAMEWORKS_FOLDER_PATH}/RxSwift.framework",
			);
			runOnlyForDeploymentPostprocessing = 0;
			shellPath = /bin/sh;
			shellScript = "\"${PODS_ROOT}/Target Support Files/Pods-StexSDKTests/Pods-StexSDKTests-frameworks.sh\"\n";
			showEnvVarsInLog = 0;
		};
		4495BAB84F260A99AA385849 /* [CP] Check Pods Manifest.lock */ = {
			isa = PBXShellScriptBuildPhase;
			buildActionMask = 2147483647;
			files = (
			);
			inputFileListPaths = (
			);
			inputPaths = (
				"${PODS_PODFILE_DIR_PATH}/Podfile.lock",
				"${PODS_ROOT}/Manifest.lock",
			);
			name = "[CP] Check Pods Manifest.lock";
			outputFileListPaths = (
			);
			outputPaths = (
				"$(DERIVED_FILE_DIR)/Pods-StexSDKTests-checkManifestLockResult.txt",
			);
			runOnlyForDeploymentPostprocessing = 0;
			shellPath = /bin/sh;
			shellScript = "diff \"${PODS_PODFILE_DIR_PATH}/Podfile.lock\" \"${PODS_ROOT}/Manifest.lock\" > /dev/null\nif [ $? != 0 ] ; then\n    # print error to STDERR\n    echo \"error: The sandbox is not in sync with the Podfile.lock. Run 'pod install' or update your CocoaPods installation.\" >&2\n    exit 1\nfi\n# This output is used by Xcode 'outputs' to avoid re-running this script phase.\necho \"SUCCESS\" > \"${SCRIPT_OUTPUT_FILE_0}\"\n";
			showEnvVarsInLog = 0;
		};
		6B8FC615E38920F39C8EF02F /* [CP] Check Pods Manifest.lock */ = {
			isa = PBXShellScriptBuildPhase;
			buildActionMask = 2147483647;
			files = (
			);
			inputFileListPaths = (
			);
			inputPaths = (
				"${PODS_PODFILE_DIR_PATH}/Podfile.lock",
				"${PODS_ROOT}/Manifest.lock",
			);
			name = "[CP] Check Pods Manifest.lock";
			outputFileListPaths = (
			);
			outputPaths = (
				"$(DERIVED_FILE_DIR)/Pods-StexSDK-checkManifestLockResult.txt",
			);
			runOnlyForDeploymentPostprocessing = 0;
			shellPath = /bin/sh;
			shellScript = "diff \"${PODS_PODFILE_DIR_PATH}/Podfile.lock\" \"${PODS_ROOT}/Manifest.lock\" > /dev/null\nif [ $? != 0 ] ; then\n    # print error to STDERR\n    echo \"error: The sandbox is not in sync with the Podfile.lock. Run 'pod install' or update your CocoaPods installation.\" >&2\n    exit 1\nfi\n# This output is used by Xcode 'outputs' to avoid re-running this script phase.\necho \"SUCCESS\" > \"${SCRIPT_OUTPUT_FILE_0}\"\n";
			showEnvVarsInLog = 0;
		};
/* End PBXShellScriptBuildPhase section */

/* Begin PBXSourcesBuildPhase section */
		FAB1838022CF3EA600D9C98E /* Sources */ = {
			isa = PBXSourcesBuildPhase;
			buildActionMask = 2147483647;
			files = (
				FA077D3922DDFC1E00CE9B8E /* TradesReqest.swift in Sources */,
				FAB183BC22CF3FDC00D9C98E /* IRequest.swift in Sources */,
				FAB183D322CF6AA000D9C98E /* Market.swift in Sources */,
				FA8044B822D5EAB300B77EC5 /* CurrencyPairRequest.swift in Sources */,
				FAB183B422CF3FDC00D9C98E /* ServerConstants.swift in Sources */,
				FAB183BA22CF3FDC00D9C98E /* TickerRequest.swift in Sources */,
				FAB183A022CF3FCD00D9C98E /* KeyedDecodingContainer+Extension.swift in Sources */,
				FAB183D922CF6D6A00D9C98E /* PairsGroupsReqest.swift in Sources */,
				FAB183AE22CF3FDC00D9C98E /* APIClient.swift in Sources */,
				FAE59E4D22D5E82C00A55E19 /* CurrencyPairsGroupRequest.swift in Sources */,
				FAB183B822CF3FDC00D9C98E /* CurrenciesRequest.swift in Sources */,
				FAB183E122CF819C00D9C98E /* CurrencyPair.swift in Sources */,
				FAB183C322CF3FEA00D9C98E /* Ticker.swift in Sources */,
				FAB183E422CF893600D9C98E /* CurrencyPairsListReqest.swift in Sources */,
				FACA3B6822F9C30400E9970B /* Trade.swift in Sources */,
				FAB183C122CF3FEA00D9C98E /* Currency.swift in Sources */,
				FAB183B222CF3FDC00D9C98E /* RxStexClient.swift in Sources */,
				FAB183DC22CF6E6600D9C98E /* PairGroup.swift in Sources */,
				FAB183D022CF6A1C00D9C98E /* MarketsReqest.swift in Sources */,
				FAB183B622CF3FDC00D9C98E /* StexResponse.swift in Sources */,
				FAB183B022CF3FDC00D9C98E /* StexClient.swift in Sources */,
			);
			runOnlyForDeploymentPostprocessing = 0;
		};
		FAB1838922CF3EA600D9C98E /* Sources */ = {
			isa = PBXSourcesBuildPhase;
			buildActionMask = 2147483647;
			files = (
				FACA3B6A22F9C5AF00E9970B /* StexTradesTest.swift in Sources */,
				FAB183CC22CF400000D9C98E /* StexClientTest.swift in Sources */,
				FACA3B6B22F9C72700E9970B /* TradesReqest.swift in Sources */,
				FAB183C422CF3FEA00D9C98E /* Ticker.swift in Sources */,
				FAB183DD22CF6E6600D9C98E /* PairGroup.swift in Sources */,
				FAB183E822CF8F0500D9C98E /* CurrencyPairsListReqest.swift in Sources */,
				FAB183B722CF3FDC00D9C98E /* StexResponse.swift in Sources */,
				FAB183A122CF3FCE00D9C98E /* KeyedDecodingContainer+Extension.swift in Sources */,
				FAB183BD22CF3FDC00D9C98E /* IRequest.swift in Sources */,
				FAB183E722CF8F0000D9C98E /* CurrencyPair.swift in Sources */,
				FAB183CE22CF400000D9C98E /* StexCurrenciesTest.swift in Sources */,
				FAB183D122CF6A1C00D9C98E /* MarketsReqest.swift in Sources */,
				FAB183D722CF6BC900D9C98E /* StexMarketTest.swift in Sources */,
				FAB183BB22CF3FDC00D9C98E /* TickerRequest.swift in Sources */,
				FACA3B6C22F9C72900E9970B /* Trade.swift in Sources */,
				FAB183CA22CF400000D9C98E /* StexTickerTest.swift in Sources */,
				FAE59E4E22D5E82C00A55E19 /* CurrencyPairsGroupRequest.swift in Sources */,
				FAB183B522CF3FDC00D9C98E /* ServerConstants.swift in Sources */,
				FAB183C222CF3FEA00D9C98E /* Currency.swift in Sources */,
				FAB183D422CF6AA000D9C98E /* Market.swift in Sources */,
				FA8044B922D5ED1D00B77EC5 /* CurrencyPairRequest.swift in Sources */,
				FAB183DA22CF6D6A00D9C98E /* PairsGroupsReqest.swift in Sources */,
				FAB183E622CF8E6F00D9C98E /* StexCurrencyPairsTest.swift in Sources */,
				FAB183DF22CF6FF300D9C98E /* StexPairsGroupsTest.swift in Sources */,
				FAB183B122CF3FDC00D9C98E /* StexClient.swift in Sources */,
				FAB183AF22CF3FDC00D9C98E /* APIClient.swift in Sources */,
				FAB183B922CF3FDC00D9C98E /* CurrenciesRequest.swift in Sources */,
				FAB183B322CF3FDC00D9C98E /* RxStexClient.swift in Sources */,
			);
			runOnlyForDeploymentPostprocessing = 0;
		};
/* End PBXSourcesBuildPhase section */

/* Begin PBXTargetDependency section */
		FAB1839022CF3EA600D9C98E /* PBXTargetDependency */ = {
			isa = PBXTargetDependency;
			target = FAB1838322CF3EA600D9C98E /* StexSDK */;
			targetProxy = FAB1838F22CF3EA600D9C98E /* PBXContainerItemProxy */;
		};
/* End PBXTargetDependency section */

/* Begin XCBuildConfiguration section */
		FAB1839622CF3EA600D9C98E /* Debug */ = {
			isa = XCBuildConfiguration;
			buildSettings = {
				ALWAYS_SEARCH_USER_PATHS = NO;
				CLANG_ANALYZER_NONNULL = YES;
				CLANG_ANALYZER_NUMBER_OBJECT_CONVERSION = YES_AGGRESSIVE;
				CLANG_CXX_LANGUAGE_STANDARD = "gnu++14";
				CLANG_CXX_LIBRARY = "libc++";
				CLANG_ENABLE_MODULES = YES;
				CLANG_ENABLE_OBJC_ARC = YES;
				CLANG_ENABLE_OBJC_WEAK = YES;
				CLANG_WARN_BLOCK_CAPTURE_AUTORELEASING = YES;
				CLANG_WARN_BOOL_CONVERSION = YES;
				CLANG_WARN_COMMA = YES;
				CLANG_WARN_CONSTANT_CONVERSION = YES;
				CLANG_WARN_DEPRECATED_OBJC_IMPLEMENTATIONS = YES;
				CLANG_WARN_DIRECT_OBJC_ISA_USAGE = YES_ERROR;
				CLANG_WARN_DOCUMENTATION_COMMENTS = YES;
				CLANG_WARN_EMPTY_BODY = YES;
				CLANG_WARN_ENUM_CONVERSION = YES;
				CLANG_WARN_INFINITE_RECURSION = YES;
				CLANG_WARN_INT_CONVERSION = YES;
				CLANG_WARN_NON_LITERAL_NULL_CONVERSION = YES;
				CLANG_WARN_OBJC_IMPLICIT_RETAIN_SELF = YES;
				CLANG_WARN_OBJC_LITERAL_CONVERSION = YES;
				CLANG_WARN_OBJC_ROOT_CLASS = YES_ERROR;
				CLANG_WARN_RANGE_LOOP_ANALYSIS = YES;
				CLANG_WARN_STRICT_PROTOTYPES = YES;
				CLANG_WARN_SUSPICIOUS_MOVE = YES;
				CLANG_WARN_UNGUARDED_AVAILABILITY = YES_AGGRESSIVE;
				CLANG_WARN_UNREACHABLE_CODE = YES;
				CLANG_WARN__DUPLICATE_METHOD_MATCH = YES;
				CODE_SIGN_IDENTITY = "iPhone Developer";
				COPY_PHASE_STRIP = NO;
				CURRENT_PROJECT_VERSION = 1;
				DEBUG_INFORMATION_FORMAT = dwarf;
				ENABLE_STRICT_OBJC_MSGSEND = YES;
				ENABLE_TESTABILITY = YES;
				GCC_C_LANGUAGE_STANDARD = gnu11;
				GCC_DYNAMIC_NO_PIC = NO;
				GCC_NO_COMMON_BLOCKS = YES;
				GCC_OPTIMIZATION_LEVEL = 0;
				GCC_PREPROCESSOR_DEFINITIONS = (
					"DEBUG=1",
					"$(inherited)",
				);
				GCC_WARN_64_TO_32_BIT_CONVERSION = YES;
				GCC_WARN_ABOUT_RETURN_TYPE = YES_ERROR;
				GCC_WARN_UNDECLARED_SELECTOR = YES;
				GCC_WARN_UNINITIALIZED_AUTOS = YES_AGGRESSIVE;
				GCC_WARN_UNUSED_FUNCTION = YES;
				GCC_WARN_UNUSED_VARIABLE = YES;
				IPHONEOS_DEPLOYMENT_TARGET = 12.2;
				MTL_ENABLE_DEBUG_INFO = INCLUDE_SOURCE;
				MTL_FAST_MATH = YES;
				ONLY_ACTIVE_ARCH = YES;
				SDKROOT = iphoneos;
				SWIFT_ACTIVE_COMPILATION_CONDITIONS = DEBUG;
				SWIFT_OPTIMIZATION_LEVEL = "-Onone";
				VERSIONING_SYSTEM = "apple-generic";
				VERSION_INFO_PREFIX = "";
			};
			name = Debug;
		};
		FAB1839722CF3EA600D9C98E /* Release */ = {
			isa = XCBuildConfiguration;
			buildSettings = {
				ALWAYS_SEARCH_USER_PATHS = NO;
				CLANG_ANALYZER_NONNULL = YES;
				CLANG_ANALYZER_NUMBER_OBJECT_CONVERSION = YES_AGGRESSIVE;
				CLANG_CXX_LANGUAGE_STANDARD = "gnu++14";
				CLANG_CXX_LIBRARY = "libc++";
				CLANG_ENABLE_MODULES = YES;
				CLANG_ENABLE_OBJC_ARC = YES;
				CLANG_ENABLE_OBJC_WEAK = YES;
				CLANG_WARN_BLOCK_CAPTURE_AUTORELEASING = YES;
				CLANG_WARN_BOOL_CONVERSION = YES;
				CLANG_WARN_COMMA = YES;
				CLANG_WARN_CONSTANT_CONVERSION = YES;
				CLANG_WARN_DEPRECATED_OBJC_IMPLEMENTATIONS = YES;
				CLANG_WARN_DIRECT_OBJC_ISA_USAGE = YES_ERROR;
				CLANG_WARN_DOCUMENTATION_COMMENTS = YES;
				CLANG_WARN_EMPTY_BODY = YES;
				CLANG_WARN_ENUM_CONVERSION = YES;
				CLANG_WARN_INFINITE_RECURSION = YES;
				CLANG_WARN_INT_CONVERSION = YES;
				CLANG_WARN_NON_LITERAL_NULL_CONVERSION = YES;
				CLANG_WARN_OBJC_IMPLICIT_RETAIN_SELF = YES;
				CLANG_WARN_OBJC_LITERAL_CONVERSION = YES;
				CLANG_WARN_OBJC_ROOT_CLASS = YES_ERROR;
				CLANG_WARN_RANGE_LOOP_ANALYSIS = YES;
				CLANG_WARN_STRICT_PROTOTYPES = YES;
				CLANG_WARN_SUSPICIOUS_MOVE = YES;
				CLANG_WARN_UNGUARDED_AVAILABILITY = YES_AGGRESSIVE;
				CLANG_WARN_UNREACHABLE_CODE = YES;
				CLANG_WARN__DUPLICATE_METHOD_MATCH = YES;
				CODE_SIGN_IDENTITY = "iPhone Developer";
				COPY_PHASE_STRIP = NO;
				CURRENT_PROJECT_VERSION = 1;
				DEBUG_INFORMATION_FORMAT = "dwarf-with-dsym";
				ENABLE_NS_ASSERTIONS = NO;
				ENABLE_STRICT_OBJC_MSGSEND = YES;
				GCC_C_LANGUAGE_STANDARD = gnu11;
				GCC_NO_COMMON_BLOCKS = YES;
				GCC_WARN_64_TO_32_BIT_CONVERSION = YES;
				GCC_WARN_ABOUT_RETURN_TYPE = YES_ERROR;
				GCC_WARN_UNDECLARED_SELECTOR = YES;
				GCC_WARN_UNINITIALIZED_AUTOS = YES_AGGRESSIVE;
				GCC_WARN_UNUSED_FUNCTION = YES;
				GCC_WARN_UNUSED_VARIABLE = YES;
				IPHONEOS_DEPLOYMENT_TARGET = 12.2;
				MTL_ENABLE_DEBUG_INFO = NO;
				MTL_FAST_MATH = YES;
				SDKROOT = iphoneos;
				SWIFT_COMPILATION_MODE = wholemodule;
				SWIFT_OPTIMIZATION_LEVEL = "-O";
				VALIDATE_PRODUCT = YES;
				VERSIONING_SYSTEM = "apple-generic";
				VERSION_INFO_PREFIX = "";
			};
			name = Release;
		};
		FAB1839922CF3EA600D9C98E /* Debug */ = {
			isa = XCBuildConfiguration;
			baseConfigurationReference = E8ACF3AB611B0EEF83C6CBD7 /* Pods-StexSDK.debug.xcconfig */;
			buildSettings = {
				CODE_SIGN_IDENTITY = "";
				CODE_SIGN_STYLE = Automatic;
				DEFINES_MODULE = YES;
				DEVELOPMENT_TEAM = ZN74LZ34QB;
				DYLIB_COMPATIBILITY_VERSION = 1;
				DYLIB_CURRENT_VERSION = 1;
				DYLIB_INSTALL_NAME_BASE = "@rpath";
				INFOPLIST_FILE = StexSDK/Info.plist;
				INSTALL_PATH = "$(LOCAL_LIBRARY_DIR)/Frameworks";
				IPHONEOS_DEPLOYMENT_TARGET = 10.0;
				LD_RUNPATH_SEARCH_PATHS = (
					"$(inherited)",
					"@executable_path/Frameworks",
					"@loader_path/Frameworks",
				);
				PRODUCT_BUNDLE_IDENTIFIER = com.app.stexSDK;
				PRODUCT_NAME = "$(TARGET_NAME:c99extidentifier)";
				SKIP_INSTALL = YES;
				SWIFT_VERSION = 5.0;
				TARGETED_DEVICE_FAMILY = "1,2";
			};
			name = Debug;
		};
		FAB1839A22CF3EA600D9C98E /* Release */ = {
			isa = XCBuildConfiguration;
			baseConfigurationReference = 0923D86974A1BE99D3430206 /* Pods-StexSDK.release.xcconfig */;
			buildSettings = {
				CODE_SIGN_IDENTITY = "";
				CODE_SIGN_STYLE = Automatic;
				DEFINES_MODULE = YES;
				DEVELOPMENT_TEAM = ZN74LZ34QB;
				DYLIB_COMPATIBILITY_VERSION = 1;
				DYLIB_CURRENT_VERSION = 1;
				DYLIB_INSTALL_NAME_BASE = "@rpath";
				INFOPLIST_FILE = StexSDK/Info.plist;
				INSTALL_PATH = "$(LOCAL_LIBRARY_DIR)/Frameworks";
				IPHONEOS_DEPLOYMENT_TARGET = 10.0;
				LD_RUNPATH_SEARCH_PATHS = (
					"$(inherited)",
					"@executable_path/Frameworks",
					"@loader_path/Frameworks",
				);
				PRODUCT_BUNDLE_IDENTIFIER = com.app.stexSDK;
				PRODUCT_NAME = "$(TARGET_NAME:c99extidentifier)";
				SKIP_INSTALL = YES;
				SWIFT_VERSION = 5.0;
				TARGETED_DEVICE_FAMILY = "1,2";
			};
			name = Release;
		};
		FAB1839C22CF3EA600D9C98E /* Debug */ = {
			isa = XCBuildConfiguration;
			baseConfigurationReference = DCC05569C9E759B346DEEE84 /* Pods-StexSDKTests.debug.xcconfig */;
			buildSettings = {
				ALWAYS_EMBED_SWIFT_STANDARD_LIBRARIES = YES;
				CODE_SIGN_STYLE = Automatic;
				DEVELOPMENT_TEAM = BMWYKNJ2K6;
				INFOPLIST_FILE = StexSDKTests/Info.plist;
				LD_RUNPATH_SEARCH_PATHS = (
					"$(inherited)",
					"@executable_path/Frameworks",
					"@loader_path/Frameworks",
				);
				PRODUCT_BUNDLE_IDENTIFIER = "ar.i-dev.StexSDKTests";
				PRODUCT_NAME = "$(TARGET_NAME)";
				SWIFT_VERSION = 5.0;
				TARGETED_DEVICE_FAMILY = "1,2";
			};
			name = Debug;
		};
		FAB1839D22CF3EA600D9C98E /* Release */ = {
			isa = XCBuildConfiguration;
			baseConfigurationReference = 7A1005AC24060E1268391EF6 /* Pods-StexSDKTests.release.xcconfig */;
			buildSettings = {
				ALWAYS_EMBED_SWIFT_STANDARD_LIBRARIES = YES;
				CODE_SIGN_STYLE = Automatic;
				DEVELOPMENT_TEAM = BMWYKNJ2K6;
				INFOPLIST_FILE = StexSDKTests/Info.plist;
				LD_RUNPATH_SEARCH_PATHS = (
					"$(inherited)",
					"@executable_path/Frameworks",
					"@loader_path/Frameworks",
				);
				PRODUCT_BUNDLE_IDENTIFIER = "ar.i-dev.StexSDKTests";
				PRODUCT_NAME = "$(TARGET_NAME)";
				SWIFT_VERSION = 5.0;
				TARGETED_DEVICE_FAMILY = "1,2";
			};
			name = Release;
		};
/* End XCBuildConfiguration section */

/* Begin XCConfigurationList section */
		FAB1837E22CF3EA600D9C98E /* Build configuration list for PBXProject "StexSDK" */ = {
			isa = XCConfigurationList;
			buildConfigurations = (
				FAB1839622CF3EA600D9C98E /* Debug */,
				FAB1839722CF3EA600D9C98E /* Release */,
			);
			defaultConfigurationIsVisible = 0;
			defaultConfigurationName = Release;
		};
		FAB1839822CF3EA600D9C98E /* Build configuration list for PBXNativeTarget "StexSDK" */ = {
			isa = XCConfigurationList;
			buildConfigurations = (
				FAB1839922CF3EA600D9C98E /* Debug */,
				FAB1839A22CF3EA600D9C98E /* Release */,
			);
			defaultConfigurationIsVisible = 0;
			defaultConfigurationName = Release;
		};
		FAB1839B22CF3EA600D9C98E /* Build configuration list for PBXNativeTarget "StexSDKTests" */ = {
			isa = XCConfigurationList;
			buildConfigurations = (
				FAB1839C22CF3EA600D9C98E /* Debug */,
				FAB1839D22CF3EA600D9C98E /* Release */,
			);
			defaultConfigurationIsVisible = 0;
			defaultConfigurationName = Release;
		};
/* End XCConfigurationList section */
	};
	rootObject = FAB1837B22CF3EA600D9C98E /* Project object */;
}
